
Microsoft Visual Studio Solution File, Format Version 12.00
# Visual Studio 14
VisualStudioVersion = 14.0.24720.0
MinimumVisualStudioVersion = 10.0.40219.1
Project("{FAE04EC0-301F-11D3-BF4B-00C04F79EFBC}") = "IFMTYP_team02", "IFMTYP_team02\IFMTYP_team02.csproj", "{06B96BB5-2FA1-43E5-BDDD-0341834F23FF}"
	ProjectSection(ProjectDependencies) = postProject
		{C348D952-A2D3-488E-8AF4-CBBBC089CD44} = {C348D952-A2D3-488E-8AF4-CBBBC089CD44}
	EndProjectSection
EndProject
Project("{FAE04EC0-301F-11D3-BF4B-00C04F79EFBC}") = "WcfServices", "WcfServices\WcfServices.csproj", "{C348D952-A2D3-488E-8AF4-CBBBC089CD44}"
EndProject
Global
	GlobalSection(SolutionConfigurationPlatforms) = preSolution
		Debug|Any CPU = Debug|Any CPU
		Release|Any CPU = Release|Any CPU
	EndGlobalSection
	GlobalSection(ProjectConfigurationPlatforms) = postSolution
		{06B96BB5-2FA1-43E5-BDDD-0341834F23FF}.Debug|Any CPU.ActiveCfg = Debug|Any CPU
		{06B96BB5-2FA1-43E5-BDDD-0341834F23FF}.Debug|Any CPU.Build.0 = Debug|Any CPU
		{06B96BB5-2FA1-43E5-BDDD-0341834F23FF}.Release|Any CPU.ActiveCfg = Release|Any CPU
		{06B96BB5-2FA1-43E5-BDDD-0341834F23FF}.Release|Any CPU.Build.0 = Release|Any CPU
		{C348D952-A2D3-488E-8AF4-CBBBC089CD44}.Debug|Any CPU.ActiveCfg = Debug|Any CPU
		{C348D952-A2D3-488E-8AF4-CBBBC089CD44}.Debug|Any CPU.Build.0 = Debug|Any CPU
		{C348D952-A2D3-488E-8AF4-CBBBC089CD44}.Release|Any CPU.ActiveCfg = Release|Any CPU
		{C348D952-A2D3-488E-8AF4-CBBBC089CD44}.Release|Any CPU.Build.0 = Release|Any CPU
	EndGlobalSection
	GlobalSection(SolutionProperties) = preSolution
		HideSolutionNode = FALSE
	EndGlobalSection
EndGlobal
